{
    "_readme": [
        "This file locks the dependencies of your project to a known state",
        "Read more about it at https://getcomposer.org/doc/01-basic-usage.md#composer-lock-the-lock-file",
        "This file is @generated automatically"
    ],
    "content-hash": "d65bca588231552ced84ce0f19ab53ee",
    "packages": [
        {
            "name": "behat/transliterator",
            "version": "v1.2.0",
            "source": {
                "type": "git",
                "url": "https://github.com/Behat/Transliterator.git",
                "reference": "826ce7e9c2a6664c0d1f381cbb38b1fb80a7ee2c"
            },
            "dist": {
                "type": "zip",
                "url": "https://api.github.com/repos/Behat/Transliterator/zipball/826ce7e9c2a6664c0d1f381cbb38b1fb80a7ee2c",
                "reference": "826ce7e9c2a6664c0d1f381cbb38b1fb80a7ee2c",
                "shasum": ""
            },
            "require": {
                "php": ">=5.3.3"
            },
            "require-dev": {
                "chuyskywalker/rolling-curl": "^3.1",
                "php-yaoi/php-yaoi": "^1.0"
            },
            "type": "library",
            "extra": {
                "branch-alias": {
                    "dev-master": "1.2-dev"
                }
            },
            "autoload": {
                "psr-0": {
                    "Behat\\Transliterator": "src/"
                }
            },
            "notification-url": "https://packagist.org/downloads/",
            "license": [
                "Artistic-1.0"
            ],
            "description": "String transliterator",
            "keywords": [
                "i18n",
                "slug",
                "transliterator"
            ],
            "time": "2017-04-04T11:38:05+00:00"
        },
        {
            "name": "jeroendesloovere/vcard",
            "version": "1.5.2",
            "source": {
                "type": "git",
                "url": "https://github.com/jeroendesloovere/vcard.git",
                "reference": "cfe295329af1ae7e8f374cb2b8c8e170f7500c09"
            },
            "dist": {
                "type": "zip",
                "url": "https://api.github.com/repos/jeroendesloovere/vcard/zipball/cfe295329af1ae7e8f374cb2b8c8e170f7500c09",
                "reference": "cfe295329af1ae7e8f374cb2b8c8e170f7500c09",
                "shasum": ""
            },
            "require": {
                "behat/transliterator": "~1.0",
                "php": ">=5.3.3"
            },
            "require-dev": {
                "phpunit/phpunit": "4.6.*"
            },
            "type": "library",
            "autoload": {
                "psr-4": {
                    "JeroenDesloovere\\VCard\\": "src/"
                }
            },
            "notification-url": "https://packagist.org/downloads/",
            "license": [
                "MIT"
            ],
            "authors": [
                {
                    "name": "Jeroen Desloovere",
                    "email": "info@jeroendesloovere.be",
                    "homepage": "http://jeroendesloovere.be",
                    "role": "Developer"
                }
            ],
            "description": "This VCard PHP class can generate a vCard with some data. When using an iOS device it will export as a .ics file because iOS devices don't support the default .vcf files.",
            "homepage": "https://github.com/jeroendesloovere/vcard",
            "keywords": [
                ".vcf",
                "generator",
                "php",
                "vCard"
            ],
            "time": "2018-01-04T13:34:32+00:00"
        }
    ],
    "packages-dev": [],
    "aliases": [],
    "minimum-stability": "stable",
    "stability-flags": [],
    "prefer-stable": false,
    "prefer-lowest": false,
    "platform": [],
    "platform-dev": []
}
